
Microsoft Visual Studio Solution File, Format Version 12.00
# Visual Studio 14
VisualStudioVersion = 14.0.23107.0
MinimumVisualStudioVersion = 10.0.40219.1
Project("{FAE04EC0-301F-11D3-BF4B-00C04F79EFBC}") = "StringInterpolation", "StringInterpolation\StringInterpolation\StringInterpolation.csproj", "{E2811B0C-051F-4D74-A319-073DC44274DE}"
EndProject
Project("{FAE04EC0-301F-11D3-BF4B-00C04F79EFBC}") = "StringInterpolation.Test", "StringInterpolation\StringInterpolation.Test\StringInterpolation.Test.csproj", "{A98D64E8-79B9-4E74-970B-4B3FF86ACA5F}"
EndProject
Project("{FAE04EC0-301F-11D3-BF4B-00C04F79EFBC}") = "StringInterpolation.Vsix", "StringInterpolation\StringInterpolation.Vsix\StringInterpolation.Vsix.csproj", "{AA7B72D7-6B47-45F5-9F0C-2CDC2D21D2E0}"
EndProject
Global
	GlobalSection(SolutionConfigurationPlatforms) = preSolution
		Debug|Any CPU = Debug|Any CPU
		Release|Any CPU = Release|Any CPU
	EndGlobalSection
	GlobalSection(ProjectConfigurationPlatforms) = postSolution
		{E2811B0C-051F-4D74-A319-073DC44274DE}.Debug|Any CPU.ActiveCfg = Debug|Any CPU
		{E2811B0C-051F-4D74-A319-073DC44274DE}.Debug|Any CPU.Build.0 = Debug|Any CPU
		{E2811B0C-051F-4D74-A319-073DC44274DE}.Release|Any CPU.ActiveCfg = Release|Any CPU
		{E2811B0C-051F-4D74-A319-073DC44274DE}.Release|Any CPU.Build.0 = Release|Any CPU
		{A98D64E8-79B9-4E74-970B-4B3FF86ACA5F}.Debug|Any CPU.ActiveCfg = Debug|Any CPU
		{A98D64E8-79B9-4E74-970B-4B3FF86ACA5F}.Debug|Any CPU.Build.0 = Debug|Any CPU
		{A98D64E8-79B9-4E74-970B-4B3FF86ACA5F}.Release|Any CPU.ActiveCfg = Release|Any CPU
		{A98D64E8-79B9-4E74-970B-4B3FF86ACA5F}.Release|Any CPU.Build.0 = Release|Any CPU
		{AA7B72D7-6B47-45F5-9F0C-2CDC2D21D2E0}.Debug|Any CPU.ActiveCfg = Debug|Any CPU
		{AA7B72D7-6B47-45F5-9F0C-2CDC2D21D2E0}.Debug|Any CPU.Build.0 = Debug|Any CPU
		{AA7B72D7-6B47-45F5-9F0C-2CDC2D21D2E0}.Release|Any CPU.ActiveCfg = Release|Any CPU
		{AA7B72D7-6B47-45F5-9F0C-2CDC2D21D2E0}.Release|Any CPU.Build.0 = Release|Any CPU
	EndGlobalSection
	GlobalSection(SolutionProperties) = preSolution
		HideSolutionNode = FALSE
	EndGlobalSection
EndGlobal
